
Microsoft Visual Studio Solution File, Format Version 12.00
# Visual Studio Version 16
VisualStudioVersion = 16.0.29806.167
MinimumVisualStudioVersion = 10.0.40219.1
Project("{FAE04EC0-301F-11D3-BF4B-00C04F79EFBC}") = "NoMvvmSample.UWP", "NoMvvmSample\NoMvvmSample.UWP\NoMvvmSample.UWP.csproj", "{F42644DA-173E-411A-A24A-2C17CA193C70}"
EndProject
Project("{FAE04EC0-301F-11D3-BF4B-00C04F79EFBC}") = "NoMvvmSample.Android", "NoMvvmSample\NoMvvmSample.Android\NoMvvmSample.Android.csproj", "{47C6BB39-4FDA-48AA-9B54-CCF06184E12C}"
EndProject
Project("{9A19103F-16F7-4668-BE54-9A1E7A4F7556}") = "NoMvvmSample", "NoMvvmSample\NoMvvmSample\NoMvvmSample.csproj", "{26BCAEA1-F509-45B0-A9DF-272015367B85}"
EndProject
Global
	GlobalSection(SolutionConfigurationPlatforms) = preSolution
		Debug|Any CPU = Debug|Any CPU
		Debug|ARM = Debug|ARM
		Debug|x64 = Debug|x64
		Debug|x86 = Debug|x86
		Release|Any CPU = Release|Any CPU
		Release|ARM = Release|ARM
		Release|x64 = Release|x64
		Release|x86 = Release|x86
	EndGlobalSection
	GlobalSection(ProjectConfigurationPlatforms) = postSolution
		{F42644DA-173E-411A-A24A-2C17CA193C70}.Debug|Any CPU.ActiveCfg = Debug|x86
		{F42644DA-173E-411A-A24A-2C17CA193C70}.Debug|Any CPU.Build.0 = Debug|x86
		{F42644DA-173E-411A-A24A-2C17CA193C70}.Debug|Any CPU.Deploy.0 = Debug|x86
		{F42644DA-173E-411A-A24A-2C17CA193C70}.Debug|ARM.ActiveCfg = Debug|ARM
		{F42644DA-173E-411A-A24A-2C17CA193C70}.Debug|ARM.Build.0 = Debug|ARM
		{F42644DA-173E-411A-A24A-2C17CA193C70}.Debug|ARM.Deploy.0 = Debug|ARM
		{F42644DA-173E-411A-A24A-2C17CA193C70}.Debug|x64.ActiveCfg = Debug|x64
		{F42644DA-173E-411A-A24A-2C17CA193C70}.Debug|x64.Build.0 = Debug|x64
		{F42644DA-173E-411A-A24A-2C17CA193C70}.Debug|x64.Deploy.0 = Debug|x64
		{F42644DA-173E-411A-A24A-2C17CA193C70}.Debug|x86.ActiveCfg = Debug|x86
		{F42644DA-173E-411A-A24A-2C17CA193C70}.Debug|x86.Build.0 = Debug|x86
		{F42644DA-173E-411A-A24A-2C17CA193C70}.Debug|x86.Deploy.0 = Debug|x86
		{F42644DA-173E-411A-A24A-2C17CA193C70}.Release|Any CPU.ActiveCfg = Release|x86
		{F42644DA-173E-411A-A24A-2C17CA193C70}.Release|Any CPU.Build.0 = Release|x86
		{F42644DA-173E-411A-A24A-2C17CA193C70}.Release|Any CPU.Deploy.0 = Release|x86
		{F42644DA-173E-411A-A24A-2C17CA193C70}.Release|ARM.ActiveCfg = Release|ARM
		{F42644DA-173E-411A-A24A-2C17CA193C70}.Release|ARM.Build.0 = Release|ARM
		{F42644DA-173E-411A-A24A-2C17CA193C70}.Release|ARM.Deploy.0 = Release|ARM
		{F42644DA-173E-411A-A24A-2C17CA193C70}.Release|x64.ActiveCfg = Release|x64
		{F42644DA-173E-411A-A24A-2C17CA193C70}.Release|x64.Build.0 = Release|x64
		{F42644DA-173E-411A-A24A-2C17CA193C70}.Release|x64.Deploy.0 = Release|x64
		{F42644DA-173E-411A-A24A-2C17CA193C70}.Release|x86.ActiveCfg = Release|x86
		{F42644DA-173E-411A-A24A-2C17CA193C70}.Release|x86.Build.0 = Release|x86
		{F42644DA-173E-411A-A24A-2C17CA193C70}.Release|x86.Deploy.0 = Release|x86
		{47C6BB39-4FDA-48AA-9B54-CCF06184E12C}.Debug|Any CPU.ActiveCfg = Debug|Any CPU
		{47C6BB39-4FDA-48AA-9B54-CCF06184E12C}.Debug|Any CPU.Build.0 = Debug|Any CPU
		{47C6BB39-4FDA-48AA-9B54-CCF06184E12C}.Debug|Any CPU.Deploy.0 = Debug|Any CPU
		{47C6BB39-4FDA-48AA-9B54-CCF06184E12C}.Debug|ARM.ActiveCfg = Debug|Any CPU
		{47C6BB39-4FDA-48AA-9B54-CCF06184E12C}.Debug|ARM.Build.0 = Debug|Any CPU
		{47C6BB39-4FDA-48AA-9B54-CCF06184E12C}.Debug|ARM.Deploy.0 = Debug|Any CPU
		{47C6BB39-4FDA-48AA-9B54-CCF06184E12C}.Debug|x64.ActiveCfg = Debug|Any CPU
		{47C6BB39-4FDA-48AA-9B54-CCF06184E12C}.Debug|x64.Build.0 = Debug|Any CPU
		{47C6BB39-4FDA-48AA-9B54-CCF06184E12C}.Debug|x64.Deploy.0 = Debug|Any CPU
		{47C6BB39-4FDA-48AA-9B54-CCF06184E12C}.Debug|x86.ActiveCfg = Debug|Any CPU
		{47C6BB39-4FDA-48AA-9B54-CCF06184E12C}.Debug|x86.Build.0 = Debug|Any CPU
		{47C6BB39-4FDA-48AA-9B54-CCF06184E12C}.Debug|x86.Deploy.0 = Debug|Any CPU
		{47C6BB39-4FDA-48AA-9B54-CCF06184E12C}.Release|Any CPU.ActiveCfg = Release|Any CPU
		{47C6BB39-4FDA-48AA-9B54-CCF06184E12C}.Release|Any CPU.Build.0 = Release|Any CPU
		{47C6BB39-4FDA-48AA-9B54-CCF06184E12C}.Release|Any CPU.Deploy.0 = Release|Any CPU
		{47C6BB39-4FDA-48AA-9B54-CCF06184E12C}.Release|ARM.ActiveCfg = Release|Any CPU
		{47C6BB39-4FDA-48AA-9B54-CCF06184E12C}.Release|ARM.Build.0 = Release|Any CPU
		{47C6BB39-4FDA-48AA-9B54-CCF06184E12C}.Release|ARM.Deploy.0 = Release|Any CPU
		{47C6BB39-4FDA-48AA-9B54-CCF06184E12C}.Release|x64.ActiveCfg = Release|Any CPU
		{47C6BB39-4FDA-48AA-9B54-CCF06184E12C}.Release|x64.Build.0 = Release|Any CPU
		{47C6BB39-4FDA-48AA-9B54-CCF06184E12C}.Release|x64.Deploy.0 = Release|Any CPU
		{47C6BB39-4FDA-48AA-9B54-CCF06184E12C}.Release|x86.ActiveCfg = Release|Any CPU
		{47C6BB39-4FDA-48AA-9B54-CCF06184E12C}.Release|x86.Build.0 = Release|Any CPU
		{47C6BB39-4FDA-48AA-9B54-CCF06184E12C}.Release|x86.Deploy.0 = Release|Any CPU
		{26BCAEA1-F509-45B0-A9DF-272015367B85}.Debug|Any CPU.ActiveCfg = Debug|Any CPU
		{26BCAEA1-F509-45B0-A9DF-272015367B85}.Debug|Any CPU.Build.0 = Debug|Any CPU
		{26BCAEA1-F509-45B0-A9DF-272015367B85}.Debug|Any CPU.Deploy.0 = Debug|Any CPU
		{26BCAEA1-F509-45B0-A9DF-272015367B85}.Debug|ARM.ActiveCfg = Debug|Any CPU
		{26BCAEA1-F509-45B0-A9DF-272015367B85}.Debug|ARM.Build.0 = Debug|Any CPU
		{26BCAEA1-F509-45B0-A9DF-272015367B85}.Debug|ARM.Deploy.0 = Debug|Any CPU
		{26BCAEA1-F509-45B0-A9DF-272015367B85}.Debug|x64.ActiveCfg = Debug|Any CPU
		{26BCAEA1-F509-45B0-A9DF-272015367B85}.Debug|x64.Build.0 = Debug|Any CPU
		{26BCAEA1-F509-45B0-A9DF-272015367B85}.Debug|x64.Deploy.0 = Debug|Any CPU
		{26BCAEA1-F509-45B0-A9DF-272015367B85}.Debug|x86.ActiveCfg = Debug|Any CPU
		{26BCAEA1-F509-45B0-A9DF-272015367B85}.Debug|x86.Build.0 = Debug|Any CPU
		{26BCAEA1-F509-45B0-A9DF-272015367B85}.Debug|x86.Deploy.0 = Debug|Any CPU
		{26BCAEA1-F509-45B0-A9DF-272015367B85}.Release|Any CPU.ActiveCfg = Release|Any CPU
		{26BCAEA1-F509-45B0-A9DF-272015367B85}.Release|Any CPU.Build.0 = Release|Any CPU
		{26BCAEA1-F509-45B0-A9DF-272015367B85}.Release|Any CPU.Deploy.0 = Release|Any CPU
		{26BCAEA1-F509-45B0-A9DF-272015367B85}.Release|ARM.ActiveCfg = Release|Any CPU
		{26BCAEA1-F509-45B0-A9DF-272015367B85}.Release|ARM.Build.0 = Release|Any CPU
		{26BCAEA1-F509-45B0-A9DF-272015367B85}.Release|ARM.Deploy.0 = Release|Any CPU
		{26BCAEA1-F509-45B0-A9DF-272015367B85}.Release|x64.ActiveCfg = Release|Any CPU
		{26BCAEA1-F509-45B0-A9DF-272015367B85}.Release|x64.Build.0 = Release|Any CPU
		{26BCAEA1-F509-45B0-A9DF-272015367B85}.Release|x64.Deploy.0 = Release|Any CPU
		{26BCAEA1-F509-45B0-A9DF-272015367B85}.Release|x86.ActiveCfg = Release|Any CPU
		{26BCAEA1-F509-45B0-A9DF-272015367B85}.Release|x86.Build.0 = Release|Any CPU
		{26BCAEA1-F509-45B0-A9DF-272015367B85}.Release|x86.Deploy.0 = Release|Any CPU
	EndGlobalSection
	GlobalSection(SolutionProperties) = preSolution
		HideSolutionNode = FALSE
	EndGlobalSection
	GlobalSection(ExtensibilityGlobals) = postSolution
		SolutionGuid = {405FABE2-89DA-42F3-852D-4E7B8A63D7B5}
	EndGlobalSection
EndGlobal
